
Microsoft Visual Studio Solution File, Format Version 12.00
# Visual Studio Version 16
VisualStudioVersion = 16.0.30907.101
MinimumVisualStudioVersion = 15.0.26124.0
Project("{2150E333-8FDC-42A3-9474-1A3956D46DE8}") = "src", "src", "{C58CE81B-1E5E-4DAB-8806-5C24294B3819}"
EndProject
Project("{9A19103F-16F7-4668-BE54-9A1E7A4F7556}") = "crm.api", "src\crm.api\crm.api.csproj", "{89563745-8583-4F70-ABD5-F5E283BDB321}"
EndProject
Project("{9A19103F-16F7-4668-BE54-9A1E7A4F7556}") = "crm.domain", "src\crm.domain\crm.domain.csproj", "{C85231C5-54B5-4705-89AC-9EAEC0E02EBD}"
EndProject
Project("{9A19103F-16F7-4668-BE54-9A1E7A4F7556}") = "crm.infrastructure", "src\crm.infrastructure\crm.infrastructure.csproj", "{2E2AA719-0985-4914-BE92-9B0EEA214E33}"
EndProject
Project("{2150E333-8FDC-42A3-9474-1A3956D46DE8}") = "web", "web", "{296D82BA-E3DB-4BED-BC75-7798C62839B6}"
EndProject
Project("{9A19103F-16F7-4668-BE54-9A1E7A4F7556}") = "spa", "web\spa\spa.csproj", "{4C48F381-D150-4B6B-8CF9-663FD0755254}"
EndProject
Project("{9A19103F-16F7-4668-BE54-9A1E7A4F7556}") = "crm.unittests", "src\crm.unittests\crm.unittests.csproj", "{D3FA2EF6-D678-43C5-850E-926271AB468D}"
EndProject
Global
	GlobalSection(SolutionConfigurationPlatforms) = preSolution
		Debug|Any CPU = Debug|Any CPU
		Debug|x64 = Debug|x64
		Debug|x86 = Debug|x86
		Release|Any CPU = Release|Any CPU
		Release|x64 = Release|x64
		Release|x86 = Release|x86
	EndGlobalSection
	GlobalSection(ProjectConfigurationPlatforms) = postSolution
		{89563745-8583-4F70-ABD5-F5E283BDB321}.Debug|Any CPU.ActiveCfg = Debug|Any CPU
		{89563745-8583-4F70-ABD5-F5E283BDB321}.Debug|Any CPU.Build.0 = Debug|Any CPU
		{89563745-8583-4F70-ABD5-F5E283BDB321}.Debug|x64.ActiveCfg = Debug|Any CPU
		{89563745-8583-4F70-ABD5-F5E283BDB321}.Debug|x64.Build.0 = Debug|Any CPU
		{89563745-8583-4F70-ABD5-F5E283BDB321}.Debug|x86.ActiveCfg = Debug|Any CPU
		{89563745-8583-4F70-ABD5-F5E283BDB321}.Debug|x86.Build.0 = Debug|Any CPU
		{89563745-8583-4F70-ABD5-F5E283BDB321}.Release|Any CPU.ActiveCfg = Release|Any CPU
		{89563745-8583-4F70-ABD5-F5E283BDB321}.Release|Any CPU.Build.0 = Release|Any CPU
		{89563745-8583-4F70-ABD5-F5E283BDB321}.Release|x64.ActiveCfg = Release|Any CPU
		{89563745-8583-4F70-ABD5-F5E283BDB321}.Release|x64.Build.0 = Release|Any CPU
		{89563745-8583-4F70-ABD5-F5E283BDB321}.Release|x86.ActiveCfg = Release|Any CPU
		{89563745-8583-4F70-ABD5-F5E283BDB321}.Release|x86.Build.0 = Release|Any CPU
		{C85231C5-54B5-4705-89AC-9EAEC0E02EBD}.Debug|Any CPU.ActiveCfg = Debug|Any CPU
		{C85231C5-54B5-4705-89AC-9EAEC0E02EBD}.Debug|Any CPU.Build.0 = Debug|Any CPU
		{C85231C5-54B5-4705-89AC-9EAEC0E02EBD}.Debug|x64.ActiveCfg = Debug|Any CPU
		{C85231C5-54B5-4705-89AC-9EAEC0E02EBD}.Debug|x64.Build.0 = Debug|Any CPU
		{C85231C5-54B5-4705-89AC-9EAEC0E02EBD}.Debug|x86.ActiveCfg = Debug|Any CPU
		{C85231C5-54B5-4705-89AC-9EAEC0E02EBD}.Debug|x86.Build.0 = Debug|Any CPU
		{C85231C5-54B5-4705-89AC-9EAEC0E02EBD}.Release|Any CPU.ActiveCfg = Release|Any CPU
		{C85231C5-54B5-4705-89AC-9EAEC0E02EBD}.Release|Any CPU.Build.0 = Release|Any CPU
		{C85231C5-54B5-4705-89AC-9EAEC0E02EBD}.Release|x64.ActiveCfg = Release|Any CPU
		{C85231C5-54B5-4705-89AC-9EAEC0E02EBD}.Release|x64.Build.0 = Release|Any CPU
		{C85231C5-54B5-4705-89AC-9EAEC0E02EBD}.Release|x86.ActiveCfg = Release|Any CPU
		{C85231C5-54B5-4705-89AC-9EAEC0E02EBD}.Release|x86.Build.0 = Release|Any CPU
		{2E2AA719-0985-4914-BE92-9B0EEA214E33}.Debug|Any CPU.ActiveCfg = Debug|Any CPU
		{2E2AA719-0985-4914-BE92-9B0EEA214E33}.Debug|Any CPU.Build.0 = Debug|Any CPU
		{2E2AA719-0985-4914-BE92-9B0EEA214E33}.Debug|x64.ActiveCfg = Debug|Any CPU
		{2E2AA719-0985-4914-BE92-9B0EEA214E33}.Debug|x64.Build.0 = Debug|Any CPU
		{2E2AA719-0985-4914-BE92-9B0EEA214E33}.Debug|x86.ActiveCfg = Debug|Any CPU
		{2E2AA719-0985-4914-BE92-9B0EEA214E33}.Debug|x86.Build.0 = Debug|Any CPU
		{2E2AA719-0985-4914-BE92-9B0EEA214E33}.Release|Any CPU.ActiveCfg = Release|Any CPU
		{2E2AA719-0985-4914-BE92-9B0EEA214E33}.Release|Any CPU.Build.0 = Release|Any CPU
		{2E2AA719-0985-4914-BE92-9B0EEA214E33}.Release|x64.ActiveCfg = Release|Any CPU
		{2E2AA719-0985-4914-BE92-9B0EEA214E33}.Release|x64.Build.0 = Release|Any CPU
		{2E2AA719-0985-4914-BE92-9B0EEA214E33}.Release|x86.ActiveCfg = Release|Any CPU
		{2E2AA719-0985-4914-BE92-9B0EEA214E33}.Release|x86.Build.0 = Release|Any CPU
		{4C48F381-D150-4B6B-8CF9-663FD0755254}.Debug|Any CPU.ActiveCfg = Debug|Any CPU
		{4C48F381-D150-4B6B-8CF9-663FD0755254}.Debug|Any CPU.Build.0 = Debug|Any CPU
		{4C48F381-D150-4B6B-8CF9-663FD0755254}.Debug|x64.ActiveCfg = Debug|Any CPU
		{4C48F381-D150-4B6B-8CF9-663FD0755254}.Debug|x64.Build.0 = Debug|Any CPU
		{4C48F381-D150-4B6B-8CF9-663FD0755254}.Debug|x86.ActiveCfg = Debug|Any CPU
		{4C48F381-D150-4B6B-8CF9-663FD0755254}.Debug|x86.Build.0 = Debug|Any CPU
		{4C48F381-D150-4B6B-8CF9-663FD0755254}.Release|Any CPU.ActiveCfg = Release|Any CPU
		{4C48F381-D150-4B6B-8CF9-663FD0755254}.Release|Any CPU.Build.0 = Release|Any CPU
		{4C48F381-D150-4B6B-8CF9-663FD0755254}.Release|x64.ActiveCfg = Release|Any CPU
		{4C48F381-D150-4B6B-8CF9-663FD0755254}.Release|x64.Build.0 = Release|Any CPU
		{4C48F381-D150-4B6B-8CF9-663FD0755254}.Release|x86.ActiveCfg = Release|Any CPU
		{4C48F381-D150-4B6B-8CF9-663FD0755254}.Release|x86.Build.0 = Release|Any CPU
		{D3FA2EF6-D678-43C5-850E-926271AB468D}.Debug|Any CPU.ActiveCfg = Debug|Any CPU
		{D3FA2EF6-D678-43C5-850E-926271AB468D}.Debug|Any CPU.Build.0 = Debug|Any CPU
		{D3FA2EF6-D678-43C5-850E-926271AB468D}.Debug|x64.ActiveCfg = Debug|Any CPU
		{D3FA2EF6-D678-43C5-850E-926271AB468D}.Debug|x64.Build.0 = Debug|Any CPU
		{D3FA2EF6-D678-43C5-850E-926271AB468D}.Debug|x86.ActiveCfg = Debug|Any CPU
		{D3FA2EF6-D678-43C5-850E-926271AB468D}.Debug|x86.Build.0 = Debug|Any CPU
		{D3FA2EF6-D678-43C5-850E-926271AB468D}.Release|Any CPU.ActiveCfg = Release|Any CPU
		{D3FA2EF6-D678-43C5-850E-926271AB468D}.Release|Any CPU.Build.0 = Release|Any CPU
		{D3FA2EF6-D678-43C5-850E-926271AB468D}.Release|x64.ActiveCfg = Release|Any CPU
		{D3FA2EF6-D678-43C5-850E-926271AB468D}.Release|x64.Build.0 = Release|Any CPU
		{D3FA2EF6-D678-43C5-850E-926271AB468D}.Release|x86.ActiveCfg = Release|Any CPU
		{D3FA2EF6-D678-43C5-850E-926271AB468D}.Release|x86.Build.0 = Release|Any CPU
	EndGlobalSection
	GlobalSection(SolutionProperties) = preSolution
		HideSolutionNode = FALSE
	EndGlobalSection
	GlobalSection(NestedProjects) = preSolution
		{89563745-8583-4F70-ABD5-F5E283BDB321} = {C58CE81B-1E5E-4DAB-8806-5C24294B3819}
		{C85231C5-54B5-4705-89AC-9EAEC0E02EBD} = {C58CE81B-1E5E-4DAB-8806-5C24294B3819}
		{2E2AA719-0985-4914-BE92-9B0EEA214E33} = {C58CE81B-1E5E-4DAB-8806-5C24294B3819}
		{4C48F381-D150-4B6B-8CF9-663FD0755254} = {296D82BA-E3DB-4BED-BC75-7798C62839B6}
		{D3FA2EF6-D678-43C5-850E-926271AB468D} = {C58CE81B-1E5E-4DAB-8806-5C24294B3819}
	EndGlobalSection
	GlobalSection(ExtensibilityGlobals) = postSolution
		SolutionGuid = {A5B1F44A-4239-416A-B7E3-06017E00B5AE}
	EndGlobalSection
EndGlobal
